
Microsoft Visual Studio Solution File, Format Version 12.00
# Visual Studio 14
VisualStudioVersion = 14.0.25123.0
MinimumVisualStudioVersion = 10.0.40219.1
Project("{FAE04EC0-301F-11D3-BF4B-00C04F79EFBC}") = "db1", "db1\db1.csproj", "{4DEB1248-E98F-4792-98FB-9D810C3B87C2}"
EndProject
Global
	GlobalSection(SolutionConfigurationPlatforms) = preSolution
		Debug|Any CPU = Debug|Any CPU
		Release|Any CPU = Release|Any CPU
	EndGlobalSection
	GlobalSection(ProjectConfigurationPlatforms) = postSolution
		{4DEB1248-E98F-4792-98FB-9D810C3B87C2}.Debug|Any CPU.ActiveCfg = Debug|Any CPU
		{4DEB1248-E98F-4792-98FB-9D810C3B87C2}.Debug|Any CPU.Build.0 = Debug|Any CPU
		{4DEB1248-E98F-4792-98FB-9D810C3B87C2}.Release|Any CPU.ActiveCfg = Release|Any CPU
		{4DEB1248-E98F-4792-98FB-9D810C3B87C2}.Release|Any CPU.Build.0 = Release|Any CPU
	EndGlobalSection
	GlobalSection(SolutionProperties) = preSolution
		HideSolutionNode = FALSE
	EndGlobalSection
EndGlobal
